{
  "originHash" : "ab1eefd7a2b30c55c93e58acb6ad16334c48b48a141518af254356092869f16e",
  "pins" : [
    {
      "identity" : "hotkey",
      "kind" : "remoteSourceControl",
      "location" : "https://github.com/soffes/HotKey",
      "state" : {
        "branch" : "main",
        "revision" : "4d02d80de143d69b7eeb5962729591a157a57ede"
      }
    },
    {
      "identity" : "launchatlogin-legacy",
      "kind" : "remoteSourceControl",
      "location" : "https://github.com/sindresorhus/LaunchAtLogin-Legacy",
      "state" : {
        "revision" : "22923d335429bfd38c52435505b06a10bcc520fd",
        "version" : "5.0.1"
      }
    }
  ],
  "version" : 3
}
